
Microsoft Visual Studio Solution File, Format Version 12.00
# Visual Studio Version 16
VisualStudioVersion = 16.0.31321.278
MinimumVisualStudioVersion = 10.0.40219.1
Project("{8BC9CEB8-8B4A-11D0-8D11-00A0C91BC942}") = "ModulePartitions", "ModulePartitions.vcxproj", "{B96FEB22-AA56-4B8E-80E4-0C71CABA06BA}"
EndProject
Global
	GlobalSection(SolutionConfigurationPlatforms) = preSolution
		Debug|x64 = Debug|x64
		Debug|x86 = Debug|x86
		Release|x64 = Release|x64
		Release|x86 = Release|x86
	EndGlobalSection
	GlobalSection(ProjectConfigurationPlatforms) = postSolution
		{B96FEB22-AA56-4B8E-80E4-0C71CABA06BA}.Debug|x64.ActiveCfg = Debug|x64
		{B96FEB22-AA56-4B8E-80E4-0C71CABA06BA}.Debug|x64.Build.0 = Debug|x64
		{B96FEB22-AA56-4B8E-80E4-0C71CABA06BA}.Debug|x86.ActiveCfg = Debug|Win32
		{B96FEB22-AA56-4B8E-80E4-0C71CABA06BA}.Debug|x86.Build.0 = Debug|Win32
		{B96FEB22-AA56-4B8E-80E4-0C71CABA06BA}.Release|x64.ActiveCfg = Release|x64
		{B96FEB22-AA56-4B8E-80E4-0C71CABA06BA}.Release|x64.Build.0 = Release|x64
		{B96FEB22-AA56-4B8E-80E4-0C71CABA06BA}.Release|x86.ActiveCfg = Release|Win32
		{B96FEB22-AA56-4B8E-80E4-0C71CABA06BA}.Release|x86.Build.0 = Release|Win32
	EndGlobalSection
	GlobalSection(SolutionProperties) = preSolution
		HideSolutionNode = FALSE
	EndGlobalSection
	GlobalSection(ExtensibilityGlobals) = postSolution
		SolutionGuid = {0D8DF8B3-719B-403B-A154-411135A5E114}
	EndGlobalSection
EndGlobal
