
Microsoft Visual Studio Solution File, Format Version 12.00
# Visual Studio Version 16
VisualStudioVersion = 16.0.30803.129
MinimumVisualStudioVersion = 10.0.40219.1
Project("{8BC9CEB8-8B4A-11D0-8D11-00A0C91BC942}") = "SomeProject", "SomeProject.vcxproj", "{16154C9F-1244-4CFE-8AF9-99AC369E7D51}"
EndProject
Global
	GlobalSection(SolutionConfigurationPlatforms) = preSolution
		Debug|x64 = Debug|x64
		Debug|x86 = Debug|x86
		Release|x64 = Release|x64
		Release|x86 = Release|x86
	EndGlobalSection
	GlobalSection(ProjectConfigurationPlatforms) = postSolution
		{16154C9F-1244-4CFE-8AF9-99AC369E7D51}.Debug|x64.ActiveCfg = Debug|x64
		{16154C9F-1244-4CFE-8AF9-99AC369E7D51}.Debug|x64.Build.0 = Debug|x64
		{16154C9F-1244-4CFE-8AF9-99AC369E7D51}.Debug|x86.ActiveCfg = Debug|Win32
		{16154C9F-1244-4CFE-8AF9-99AC369E7D51}.Debug|x86.Build.0 = Debug|Win32
		{16154C9F-1244-4CFE-8AF9-99AC369E7D51}.Release|x64.ActiveCfg = Release|x64
		{16154C9F-1244-4CFE-8AF9-99AC369E7D51}.Release|x64.Build.0 = Release|x64
		{16154C9F-1244-4CFE-8AF9-99AC369E7D51}.Release|x86.ActiveCfg = Release|Win32
		{16154C9F-1244-4CFE-8AF9-99AC369E7D51}.Release|x86.Build.0 = Release|Win32
	EndGlobalSection
	GlobalSection(SolutionProperties) = preSolution
		HideSolutionNode = FALSE
	EndGlobalSection
	GlobalSection(ExtensibilityGlobals) = postSolution
		SolutionGuid = {FB2AEF38-2757-46FB-968F-0D03E79A30FB}
	EndGlobalSection
EndGlobal
