
Microsoft Visual Studio Solution File, Format Version 12.00
# Visual Studio Version 17
VisualStudioVersion = 17.7.34031.279
MinimumVisualStudioVersion = 10.0.40219.1
Project("{8BC9CEB8-8B4A-11D0-8D11-00A0C91BC942}") = "48.14PrivateModuleFragment", "48.14PrivateModuleFragment.vcxproj", "{B5B3DBA1-6BF1-4EBB-81D2-25AEABDCEB59}"
EndProject
Global
	GlobalSection(SolutionConfigurationPlatforms) = preSolution
		Debug|x64 = Debug|x64
		Debug|x86 = Debug|x86
		Release|x64 = Release|x64
		Release|x86 = Release|x86
	EndGlobalSection
	GlobalSection(ProjectConfigurationPlatforms) = postSolution
		{B5B3DBA1-6BF1-4EBB-81D2-25AEABDCEB59}.Debug|x64.ActiveCfg = Debug|x64
		{B5B3DBA1-6BF1-4EBB-81D2-25AEABDCEB59}.Debug|x64.Build.0 = Debug|x64
		{B5B3DBA1-6BF1-4EBB-81D2-25AEABDCEB59}.Debug|x86.ActiveCfg = Debug|Win32
		{B5B3DBA1-6BF1-4EBB-81D2-25AEABDCEB59}.Debug|x86.Build.0 = Debug|Win32
		{B5B3DBA1-6BF1-4EBB-81D2-25AEABDCEB59}.Release|x64.ActiveCfg = Release|x64
		{B5B3DBA1-6BF1-4EBB-81D2-25AEABDCEB59}.Release|x64.Build.0 = Release|x64
		{B5B3DBA1-6BF1-4EBB-81D2-25AEABDCEB59}.Release|x86.ActiveCfg = Release|Win32
		{B5B3DBA1-6BF1-4EBB-81D2-25AEABDCEB59}.Release|x86.Build.0 = Release|Win32
	EndGlobalSection
	GlobalSection(SolutionProperties) = preSolution
		HideSolutionNode = FALSE
	EndGlobalSection
	GlobalSection(ExtensibilityGlobals) = postSolution
		SolutionGuid = {D93917F9-E920-4066-BAFA-847AA660F142}
	EndGlobalSection
EndGlobal
