
Microsoft Visual Studio Solution File, Format Version 12.00
# Visual Studio Version 17
VisualStudioVersion = 17.7.34031.279
MinimumVisualStudioVersion = 10.0.40219.1
Project("{8BC9CEB8-8B4A-11D0-8D11-00A0C91BC942}") = "48.13VisibilityReachability", "48.13VisibilityReachability.vcxproj", "{A13D83E7-02BD-4B75-8352-1364B1DF9777}"
EndProject
Global
	GlobalSection(SolutionConfigurationPlatforms) = preSolution
		Debug|x64 = Debug|x64
		Debug|x86 = Debug|x86
		Release|x64 = Release|x64
		Release|x86 = Release|x86
	EndGlobalSection
	GlobalSection(ProjectConfigurationPlatforms) = postSolution
		{A13D83E7-02BD-4B75-8352-1364B1DF9777}.Debug|x64.ActiveCfg = Debug|x64
		{A13D83E7-02BD-4B75-8352-1364B1DF9777}.Debug|x64.Build.0 = Debug|x64
		{A13D83E7-02BD-4B75-8352-1364B1DF9777}.Debug|x86.ActiveCfg = Debug|Win32
		{A13D83E7-02BD-4B75-8352-1364B1DF9777}.Debug|x86.Build.0 = Debug|Win32
		{A13D83E7-02BD-4B75-8352-1364B1DF9777}.Release|x64.ActiveCfg = Release|x64
		{A13D83E7-02BD-4B75-8352-1364B1DF9777}.Release|x64.Build.0 = Release|x64
		{A13D83E7-02BD-4B75-8352-1364B1DF9777}.Release|x86.ActiveCfg = Release|Win32
		{A13D83E7-02BD-4B75-8352-1364B1DF9777}.Release|x86.Build.0 = Release|Win32
	EndGlobalSection
	GlobalSection(SolutionProperties) = preSolution
		HideSolutionNode = FALSE
	EndGlobalSection
	GlobalSection(ExtensibilityGlobals) = postSolution
		SolutionGuid = {687674B1-EFC0-4305-8C02-C8B930DC4D06}
	EndGlobalSection
EndGlobal
