
Microsoft Visual Studio Solution File, Format Version 12.00
# Visual Studio Version 17
VisualStudioVersion = 17.7.34031.279
MinimumVisualStudioVersion = 10.0.40219.1
Project("{8BC9CEB8-8B4A-11D0-8D11-00A0C91BC942}") = "48.8ExportImport", "48.8ExportImport.vcxproj", "{82FD5E16-43C8-406F-9DD6-ECB6EAA62695}"
EndProject
Global
	GlobalSection(SolutionConfigurationPlatforms) = preSolution
		Debug|x64 = Debug|x64
		Debug|x86 = Debug|x86
		Release|x64 = Release|x64
		Release|x86 = Release|x86
	EndGlobalSection
	GlobalSection(ProjectConfigurationPlatforms) = postSolution
		{82FD5E16-43C8-406F-9DD6-ECB6EAA62695}.Debug|x64.ActiveCfg = Debug|x64
		{82FD5E16-43C8-406F-9DD6-ECB6EAA62695}.Debug|x64.Build.0 = Debug|x64
		{82FD5E16-43C8-406F-9DD6-ECB6EAA62695}.Debug|x86.ActiveCfg = Debug|Win32
		{82FD5E16-43C8-406F-9DD6-ECB6EAA62695}.Debug|x86.Build.0 = Debug|Win32
		{82FD5E16-43C8-406F-9DD6-ECB6EAA62695}.Release|x64.ActiveCfg = Release|x64
		{82FD5E16-43C8-406F-9DD6-ECB6EAA62695}.Release|x64.Build.0 = Release|x64
		{82FD5E16-43C8-406F-9DD6-ECB6EAA62695}.Release|x86.ActiveCfg = Release|Win32
		{82FD5E16-43C8-406F-9DD6-ECB6EAA62695}.Release|x86.Build.0 = Release|Win32
	EndGlobalSection
	GlobalSection(SolutionProperties) = preSolution
		HideSolutionNode = FALSE
	EndGlobalSection
	GlobalSection(ExtensibilityGlobals) = postSolution
		SolutionGuid = {A42686D0-B558-4887-837B-8AB97A645A63}
	EndGlobalSection
EndGlobal
