
Microsoft Visual Studio Solution File, Format Version 12.00
# Visual Studio Version 17
VisualStudioVersion = 17.7.34031.279
MinimumVisualStudioVersion = 10.0.40219.1
Project("{8BC9CEB8-8B4A-11D0-8D11-00A0C91BC942}") = "48.4SeparateInterfaceFromImplementation-SameFile", "48.4SeparateInterfaceFromImplementation-SameFile.vcxproj", "{1F63532B-E279-4AA7-BF53-3F6D04E440B0}"
EndProject
Global
	GlobalSection(SolutionConfigurationPlatforms) = preSolution
		Debug|x64 = Debug|x64
		Debug|x86 = Debug|x86
		Release|x64 = Release|x64
		Release|x86 = Release|x86
	EndGlobalSection
	GlobalSection(ProjectConfigurationPlatforms) = postSolution
		{1F63532B-E279-4AA7-BF53-3F6D04E440B0}.Debug|x64.ActiveCfg = Debug|x64
		{1F63532B-E279-4AA7-BF53-3F6D04E440B0}.Debug|x64.Build.0 = Debug|x64
		{1F63532B-E279-4AA7-BF53-3F6D04E440B0}.Debug|x86.ActiveCfg = Debug|Win32
		{1F63532B-E279-4AA7-BF53-3F6D04E440B0}.Debug|x86.Build.0 = Debug|Win32
		{1F63532B-E279-4AA7-BF53-3F6D04E440B0}.Release|x64.ActiveCfg = Release|x64
		{1F63532B-E279-4AA7-BF53-3F6D04E440B0}.Release|x64.Build.0 = Release|x64
		{1F63532B-E279-4AA7-BF53-3F6D04E440B0}.Release|x86.ActiveCfg = Release|Win32
		{1F63532B-E279-4AA7-BF53-3F6D04E440B0}.Release|x86.Build.0 = Release|Win32
	EndGlobalSection
	GlobalSection(SolutionProperties) = preSolution
		HideSolutionNode = FALSE
	EndGlobalSection
	GlobalSection(ExtensibilityGlobals) = postSolution
		SolutionGuid = {63F9A606-530D-4C17-8CD1-E8E893CF770F}
	EndGlobalSection
EndGlobal
